// !$*UTF8*$!
{
	archiveVersion = 1;
	classes = {
	};
	objectVersion = 56;
	objects = {

/* Begin PBXBuildFile section */
		61C1BCA22B9A4F4500ABAA14 /* GppApp.swift in Sources */ = {isa = PBXBuildFile; fileRef = 61C1BCA12B9A4F4500ABAA14 /* GppApp.swift */; };
		61C1BCA62B9A4F4700ABAA14 /* Assets.xcassets in Resources */ = {isa = PBXBuildFile; fileRef = 61C1BCA52B9A4F4700ABAA14 /* Assets.xcassets */; };
		61C1BCA92B9A4F4700ABAA14 /* Preview Assets.xcassets in Resources */ = {isa = PBXBuildFile; fileRef = 61C1BCA82B9A4F4700ABAA14 /* Preview Assets.xcassets */; };
		61C1BCB32B9A4F4800ABAA14 /* gpp_swift_appTests.swift in Sources */ = {isa = PBXBuildFile; fileRef = 61C1BCB22B9A4F4800ABAA14 /* gpp_swift_appTests.swift */; };
		61C1BCBD2B9A4F4800ABAA14 /* gpp_swift_appUITests.swift in Sources */ = {isa = PBXBuildFile; fileRef = 61C1BCBC2B9A4F4800ABAA14 /* gpp_swift_appUITests.swift */; };
		61C1BCBF2B9A4F4800ABAA14 /* gpp_swift_appUITestsLaunchTests.swift in Sources */ = {isa = PBXBuildFile; fileRef = 61C1BCBE2B9A4F4800ABAA14 /* gpp_swift_appUITestsLaunchTests.swift */; };
		61C1BCD12B9A566E00ABAA14 /* LoginView.swift in Sources */ = {isa = PBXBuildFile; fileRef = 61C1BCD02B9A566E00ABAA14 /* LoginView.swift */; };
		61C1BCD42B9A574500ABAA14 /* NavigationManager.swift in Sources */ = {isa = PBXBuildFile; fileRef = 61C1BCD32B9A574500ABAA14 /* NavigationManager.swift */; };
		61C1BCD62B9A586400ABAA14 /* HomeView.swift in Sources */ = {isa = PBXBuildFile; fileRef = 61C1BCD52B9A586400ABAA14 /* HomeView.swift */; };
		61C1BCDA2B9A640700ABAA14 /* ProgressBar.swift in Sources */ = {isa = PBXBuildFile; fileRef = 61C1BCD92B9A640700ABAA14 /* ProgressBar.swift */; };
		61C1BCDC2B9A697000ABAA14 /* StyleFunctions.swift in Sources */ = {isa = PBXBuildFile; fileRef = 61C1BCDB2B9A697000ABAA14 /* StyleFunctions.swift */; };
		61C1BCE12B9B638C00ABAA14 /* StringExtension.swift in Sources */ = {isa = PBXBuildFile; fileRef = 61C1BCE02B9B638C00ABAA14 /* StringExtension.swift */; };
		61C1BCE32B9B661700ABAA14 /* SubjectsView.swift in Sources */ = {isa = PBXBuildFile; fileRef = 61C1BCE22B9B661700ABAA14 /* SubjectsView.swift */; };
		61C1BCE52B9B7BF600ABAA14 /* PublicationsView.swift in Sources */ = {isa = PBXBuildFile; fileRef = 61C1BCE42B9B7BF600ABAA14 /* PublicationsView.swift */; };
		61C1BCE72B9B7ED900ABAA14 /* DissertationView.swift in Sources */ = {isa = PBXBuildFile; fileRef = 61C1BCE62B9B7ED900ABAA14 /* DissertationView.swift */; };
		61C1BCF12B9B9EFF00ABAA14 /* AddSubjectsView.swift in Sources */ = {isa = PBXBuildFile; fileRef = 61C1BCF02B9B9EFF00ABAA14 /* AddSubjectsView.swift */; };
		61C1BCF32B9BA4F800ABAA14 /* AddPublicationsView.swift in Sources */ = {isa = PBXBuildFile; fileRef = 61C1BCF22B9BA4F800ABAA14 /* AddPublicationsView.swift */; };
		61C1BCF52B9C005300ABAA14 /* SubjectDetailView.swift in Sources */ = {isa = PBXBuildFile; fileRef = 61C1BCF42B9C005300ABAA14 /* SubjectDetailView.swift */; };
		61C1BCF82B9C10FC00ABAA14 /* SideBarContainer.swift in Sources */ = {isa = PBXBuildFile; fileRef = 61C1BCF72B9C10FB00ABAA14 /* SideBarContainer.swift */; };
		61C1BCFE2B9CA2A000ABAA14 /* ProfileView.swift in Sources */ = {isa = PBXBuildFile; fileRef = 61C1BCFD2B9CA2A000ABAA14 /* ProfileView.swift */; };
		61C1BD002B9CA2BC00ABAA14 /* ChangePasswordView.swift in Sources */ = {isa = PBXBuildFile; fileRef = 61C1BCFF2B9CA2BC00ABAA14 /* ChangePasswordView.swift */; };
		61C1BD022B9CA2CB00ABAA14 /* SettingsView.swift in Sources */ = {isa = PBXBuildFile; fileRef = 61C1BD012B9CA2CB00ABAA14 /* SettingsView.swift */; };
		61C1BD042B9CA2D500ABAA14 /* HelpView.swift in Sources */ = {isa = PBXBuildFile; fileRef = 61C1BD032B9CA2D500ABAA14 /* HelpView.swift */; };
/* End PBXBuildFile section */

/* Begin PBXContainerItemProxy section */
		61C1BCAF2B9A4F4800ABAA14 /* PBXContainerItemProxy */ = {
			isa = PBXContainerItemProxy;
			containerPortal = 61C1BC962B9A4F4500ABAA14 /* Project object */;
			proxyType = 1;
			remoteGlobalIDString = 61C1BC9D2B9A4F4500ABAA14;
			remoteInfo = "gpp-swift-app";
		};
		61C1BCB92B9A4F4800ABAA14 /* PBXContainerItemProxy */ = {
			isa = PBXContainerItemProxy;
			containerPortal = 61C1BC962B9A4F4500ABAA14 /* Project object */;
			proxyType = 1;
			remoteGlobalIDString = 61C1BC9D2B9A4F4500ABAA14;
			remoteInfo = "gpp-swift-app";
		};
/* End PBXContainerItemProxy section */

/* Begin PBXFileReference section */
		61C1BC9E2B9A4F4500ABAA14 /* gpp-swift-app.app */ = {isa = PBXFileReference; explicitFileType = wrapper.application; includeInIndex = 0; path = "gpp-swift-app.app"; sourceTree = BUILT_PRODUCTS_DIR; };
		61C1BCA12B9A4F4500ABAA14 /* GppApp.swift */ = {isa = PBXFileReference; lastKnownFileType = sourcecode.swift; path = GppApp.swift; sourceTree = "<group>"; };
		61C1BCA52B9A4F4700ABAA14 /* Assets.xcassets */ = {isa = PBXFileReference; lastKnownFileType = folder.assetcatalog; path = Assets.xcassets; sourceTree = "<group>"; };
		61C1BCA82B9A4F4700ABAA14 /* Preview Assets.xcassets */ = {isa = PBXFileReference; lastKnownFileType = folder.assetcatalog; path = "Preview Assets.xcassets"; sourceTree = "<group>"; };
		61C1BCAE2B9A4F4800ABAA14 /* gpp-swift-appTests.xctest */ = {isa = PBXFileReference; explicitFileType = wrapper.cfbundle; includeInIndex = 0; path = "gpp-swift-appTests.xctest"; sourceTree = BUILT_PRODUCTS_DIR; };
		61C1BCB22B9A4F4800ABAA14 /* gpp_swift_appTests.swift */ = {isa = PBXFileReference; lastKnownFileType = sourcecode.swift; path = gpp_swift_appTests.swift; sourceTree = "<group>"; };
		61C1BCB82B9A4F4800ABAA14 /* gpp-swift-appUITests.xctest */ = {isa = PBXFileReference; explicitFileType = wrapper.cfbundle; includeInIndex = 0; path = "gpp-swift-appUITests.xctest"; sourceTree = BUILT_PRODUCTS_DIR; };
		61C1BCBC2B9A4F4800ABAA14 /* gpp_swift_appUITests.swift */ = {isa = PBXFileReference; lastKnownFileType = sourcecode.swift; path = gpp_swift_appUITests.swift; sourceTree = "<group>"; };
		61C1BCBE2B9A4F4800ABAA14 /* gpp_swift_appUITestsLaunchTests.swift */ = {isa = PBXFileReference; lastKnownFileType = sourcecode.swift; path = gpp_swift_appUITestsLaunchTests.swift; sourceTree = "<group>"; };
		61C1BCD02B9A566E00ABAA14 /* LoginView.swift */ = {isa = PBXFileReference; lastKnownFileType = sourcecode.swift; path = LoginView.swift; sourceTree = "<group>"; };
		61C1BCD32B9A574500ABAA14 /* NavigationManager.swift */ = {isa = PBXFileReference; lastKnownFileType = sourcecode.swift; path = NavigationManager.swift; sourceTree = "<group>"; };
		61C1BCD52B9A586400ABAA14 /* HomeView.swift */ = {isa = PBXFileReference; lastKnownFileType = sourcecode.swift; path = HomeView.swift; sourceTree = "<group>"; };
		61C1BCD92B9A640700ABAA14 /* ProgressBar.swift */ = {isa = PBXFileReference; lastKnownFileType = sourcecode.swift; path = ProgressBar.swift; sourceTree = "<group>"; };
		61C1BCDB2B9A697000ABAA14 /* StyleFunctions.swift */ = {isa = PBXFileReference; lastKnownFileType = sourcecode.swift; path = StyleFunctions.swift; sourceTree = "<group>"; };
		61C1BCE02B9B638C00ABAA14 /* StringExtension.swift */ = {isa = PBXFileReference; lastKnownFileType = sourcecode.swift; path = StringExtension.swift; sourceTree = "<group>"; };
		61C1BCE22B9B661700ABAA14 /* SubjectsView.swift */ = {isa = PBXFileReference; lastKnownFileType = sourcecode.swift; path = SubjectsView.swift; sourceTree = "<group>"; };
		61C1BCE42B9B7BF600ABAA14 /* PublicationsView.swift */ = {isa = PBXFileReference; lastKnownFileType = sourcecode.swift; path = PublicationsView.swift; sourceTree = "<group>"; };
		61C1BCE62B9B7ED900ABAA14 /* DissertationView.swift */ = {isa = PBXFileReference; lastKnownFileType = sourcecode.swift; path = DissertationView.swift; sourceTree = "<group>"; };
		61C1BCF02B9B9EFF00ABAA14 /* AddSubjectsView.swift */ = {isa = PBXFileReference; lastKnownFileType = sourcecode.swift; path = AddSubjectsView.swift; sourceTree = "<group>"; };
		61C1BCF22B9BA4F800ABAA14 /* AddPublicationsView.swift */ = {isa = PBXFileReference; lastKnownFileType = sourcecode.swift; path = AddPublicationsView.swift; sourceTree = "<group>"; };
		61C1BCF42B9C005300ABAA14 /* SubjectDetailView.swift */ = {isa = PBXFileReference; lastKnownFileType = sourcecode.swift; path = SubjectDetailView.swift; sourceTree = "<group>"; };
		61C1BCF72B9C10FB00ABAA14 /* SideBarContainer.swift */ = {isa = PBXFileReference; lastKnownFileType = sourcecode.swift; path = SideBarContainer.swift; sourceTree = "<group>"; };
		61C1BCFD2B9CA2A000ABAA14 /* ProfileView.swift */ = {isa = PBXFileReference; lastKnownFileType = sourcecode.swift; path = ProfileView.swift; sourceTree = "<group>"; };
		61C1BCFF2B9CA2BC00ABAA14 /* ChangePasswordView.swift */ = {isa = PBXFileReference; lastKnownFileType = sourcecode.swift; path = ChangePasswordView.swift; sourceTree = "<group>"; };
		61C1BD012B9CA2CB00ABAA14 /* SettingsView.swift */ = {isa = PBXFileReference; lastKnownFileType = sourcecode.swift; path = SettingsView.swift; sourceTree = "<group>"; };
		61C1BD032B9CA2D500ABAA14 /* HelpView.swift */ = {isa = PBXFileReference; lastKnownFileType = sourcecode.swift; path = HelpView.swift; sourceTree = "<group>"; };
/* End PBXFileReference section */

/* Begin PBXFrameworksBuildPhase section */
		61C1BC9B2B9A4F4500ABAA14 /* Frameworks */ = {
			isa = PBXFrameworksBuildPhase;
			buildActionMask = 2147483647;
			files = (
			);
			runOnlyForDeploymentPostprocessing = 0;
		};
		61C1BCAB2B9A4F4800ABAA14 /* Frameworks */ = {
			isa = PBXFrameworksBuildPhase;
			buildActionMask = 2147483647;
			files = (
			);
			runOnlyForDeploymentPostprocessing = 0;
		};
		61C1BCB52B9A4F4800ABAA14 /* Frameworks */ = {
			isa = PBXFrameworksBuildPhase;
			buildActionMask = 2147483647;
			files = (
			);
			runOnlyForDeploymentPostprocessing = 0;
		};
/* End PBXFrameworksBuildPhase section */

/* Begin PBXGroup section */
		61C1BC952B9A4F4500ABAA14 = {
			isa = PBXGroup;
			children = (
				61C1BCA02B9A4F4500ABAA14 /* gpp-swift-app */,
				61C1BCB12B9A4F4800ABAA14 /* gpp-swift-appTests */,
				61C1BCBB2B9A4F4800ABAA14 /* gpp-swift-appUITests */,
				61C1BC9F2B9A4F4500ABAA14 /* Products */,
			);
			sourceTree = "<group>";
		};
		61C1BC9F2B9A4F4500ABAA14 /* Products */ = {
			isa = PBXGroup;
			children = (
				61C1BC9E2B9A4F4500ABAA14 /* gpp-swift-app.app */,
				61C1BCAE2B9A4F4800ABAA14 /* gpp-swift-appTests.xctest */,
				61C1BCB82B9A4F4800ABAA14 /* gpp-swift-appUITests.xctest */,
			);
			name = Products;
			sourceTree = "<group>";
		};
		61C1BCA02B9A4F4500ABAA14 /* gpp-swift-app */ = {
			isa = PBXGroup;
			children = (
				61C1BCCB2B9A543D00ABAA14 /* App */,
				61C1BCCC2B9A544600ABAA14 /* Core */,
				61C1BCD22B9A573000ABAA14 /* Managers */,
				61C1BCCD2B9A547800ABAA14 /* Extensions */,
				61C1BCCE2B9A54C600ABAA14 /* Models */,
				61C1BCA52B9A4F4700ABAA14 /* Assets.xcassets */,
				61C1BCA72B9A4F4700ABAA14 /* Preview Content */,
			);
			path = "gpp-swift-app";
			sourceTree = "<group>";
		};
		61C1BCA72B9A4F4700ABAA14 /* Preview Content */ = {
			isa = PBXGroup;
			children = (
				61C1BCA82B9A4F4700ABAA14 /* Preview Assets.xcassets */,
			);
			path = "Preview Content";
			sourceTree = "<group>";
		};
		61C1BCB12B9A4F4800ABAA14 /* gpp-swift-appTests */ = {
			isa = PBXGroup;
			children = (
				61C1BCB22B9A4F4800ABAA14 /* gpp_swift_appTests.swift */,
			);
			path = "gpp-swift-appTests";
			sourceTree = "<group>";
		};
		61C1BCBB2B9A4F4800ABAA14 /* gpp-swift-appUITests */ = {
			isa = PBXGroup;
			children = (
				61C1BCBC2B9A4F4800ABAA14 /* gpp_swift_appUITests.swift */,
				61C1BCBE2B9A4F4800ABAA14 /* gpp_swift_appUITestsLaunchTests.swift */,
			);
			path = "gpp-swift-appUITests";
			sourceTree = "<group>";
		};
		61C1BCCB2B9A543D00ABAA14 /* App */ = {
			isa = PBXGroup;
			children = (
				61C1BCA12B9A4F4500ABAA14 /* GppApp.swift */,
			);
			path = App;
			sourceTree = "<group>";
		};
		61C1BCCC2B9A544600ABAA14 /* Core */ = {
			isa = PBXGroup;
			children = (
				61C1BCD72B9A63EB00ABAA14 /* Components */,
				61C1BCCF2B9A55FD00ABAA14 /* View */,
			);
			path = Core;
			sourceTree = "<group>";
		};
		61C1BCCD2B9A547800ABAA14 /* Extensions */ = {
			isa = PBXGroup;
			children = (
				61C1BCDB2B9A697000ABAA14 /* StyleFunctions.swift */,
				61C1BCE02B9B638C00ABAA14 /* StringExtension.swift */,
			);
			path = Extensions;
			sourceTree = "<group>";
		};
		61C1BCCE2B9A54C600ABAA14 /* Models */ = {
			isa = PBXGroup;
			children = (
			);
			path = Models;
			sourceTree = "<group>";
		};
		61C1BCCF2B9A55FD00ABAA14 /* View */ = {
			isa = PBXGroup;
			children = (
				61C1BCEF2B9B9E1500ABAA14 /* Home */,
				61C1BCEB2B9B9DDB00ABAA14 /* Login */,
			);
			path = View;
			sourceTree = "<group>";
		};
		61C1BCD22B9A573000ABAA14 /* Managers */ = {
			isa = PBXGroup;
			children = (
				61C1BCD32B9A574500ABAA14 /* NavigationManager.swift */,
			);
			path = Managers;
			sourceTree = "<group>";
		};
		61C1BCD72B9A63EB00ABAA14 /* Components */ = {
			isa = PBXGroup;
			children = (
				61C1BCF62B9C0FA100ABAA14 /* SideBar */,
				61C1BCD82B9A63F200ABAA14 /* ProgressBar */,
			);
			path = Components;
			sourceTree = "<group>";
		};
		61C1BCD82B9A63F200ABAA14 /* ProgressBar */ = {
			isa = PBXGroup;
			children = (
				61C1BCD92B9A640700ABAA14 /* ProgressBar.swift */,
			);
			path = ProgressBar;
			sourceTree = "<group>";
		};
		61C1BCEB2B9B9DDB00ABAA14 /* Login */ = {
			isa = PBXGroup;
			children = (
				61C1BCD02B9A566E00ABAA14 /* LoginView.swift */,
			);
			path = Login;
			sourceTree = "<group>";
		};
		61C1BCEC2B9B9DE300ABAA14 /* Subjects */ = {
			isa = PBXGroup;
			children = (
				61C1BCE22B9B661700ABAA14 /* SubjectsView.swift */,
				61C1BCF02B9B9EFF00ABAA14 /* AddSubjectsView.swift */,
				61C1BCF42B9C005300ABAA14 /* SubjectDetailView.swift */,
			);
			path = Subjects;
			sourceTree = "<group>";
		};
		61C1BCED2B9B9DF100ABAA14 /* Publications */ = {
			isa = PBXGroup;
			children = (
				61C1BCE42B9B7BF600ABAA14 /* PublicationsView.swift */,
				61C1BCF22B9BA4F800ABAA14 /* AddPublicationsView.swift */,
			);
			path = Publications;
			sourceTree = "<group>";
		};
		61C1BCEE2B9B9DFC00ABAA14 /* Dissertation */ = {
			isa = PBXGroup;
			children = (
				61C1BCE62B9B7ED900ABAA14 /* DissertationView.swift */,
			);
			path = Dissertation;
			sourceTree = "<group>";
		};
		61C1BCEF2B9B9E1500ABAA14 /* Home */ = {
			isa = PBXGroup;
			children = (
				61C1BCD52B9A586400ABAA14 /* HomeView.swift */,
				61C1BCEE2B9B9DFC00ABAA14 /* Dissertation */,
				61C1BCED2B9B9DF100ABAA14 /* Publications */,
				61C1BCEC2B9B9DE300ABAA14 /* Subjects */,
				61C1BCF92B9CA1BF00ABAA14 /* Profile */,
				61C1BCFA2B9CA1E100ABAA14 /* ChangePassword */,
				61C1BCFB2B9CA21B00ABAA14 /* Settings */,
				61C1BCFC2B9CA22B00ABAA14 /* Help */,
			);
			path = Home;
			sourceTree = "<group>";
		};
		61C1BCF62B9C0FA100ABAA14 /* SideBar */ = {
			isa = PBXGroup;
			children = (
				61C1BCF72B9C10FB00ABAA14 /* SideBarContainer.swift */,
			);
			path = SideBar;
			sourceTree = "<group>";
		};
		61C1BCF92B9CA1BF00ABAA14 /* Profile */ = {
			isa = PBXGroup;
			children = (
				61C1BCFD2B9CA2A000ABAA14 /* ProfileView.swift */,
			);
			path = Profile;
			sourceTree = "<group>";
		};
		61C1BCFA2B9CA1E100ABAA14 /* ChangePassword */ = {
			isa = PBXGroup;
			children = (
				61C1BCFF2B9CA2BC00ABAA14 /* ChangePasswordView.swift */,
			);
			path = ChangePassword;
			sourceTree = "<group>";
		};
		61C1BCFB2B9CA21B00ABAA14 /* Settings */ = {
			isa = PBXGroup;
			children = (
				61C1BD012B9CA2CB00ABAA14 /* SettingsView.swift */,
			);
			path = Settings;
			sourceTree = "<group>";
		};
		61C1BCFC2B9CA22B00ABAA14 /* Help */ = {
			isa = PBXGroup;
			children = (
				61C1BD032B9CA2D500ABAA14 /* HelpView.swift */,
			);
			path = Help;
			sourceTree = "<group>";
		};
/* End PBXGroup section */

/* Begin PBXNativeTarget section */
		61C1BC9D2B9A4F4500ABAA14 /* gpp-swift-app */ = {
			isa = PBXNativeTarget;
			buildConfigurationList = 61C1BCC22B9A4F4800ABAA14 /* Build configuration list for PBXNativeTarget "gpp-swift-app" */;
			buildPhases = (
				61C1BC9A2B9A4F4500ABAA14 /* Sources */,
				61C1BC9B2B9A4F4500ABAA14 /* Frameworks */,
				61C1BC9C2B9A4F4500ABAA14 /* Resources */,
			);
			buildRules = (
			);
			dependencies = (
			);
			name = "gpp-swift-app";
			productName = "gpp-swift-app";
			productReference = 61C1BC9E2B9A4F4500ABAA14 /* gpp-swift-app.app */;
			productType = "com.apple.product-type.application";
		};
		61C1BCAD2B9A4F4800ABAA14 /* gpp-swift-appTests */ = {
			isa = PBXNativeTarget;
			buildConfigurationList = 61C1BCC52B9A4F4800ABAA14 /* Build configuration list for PBXNativeTarget "gpp-swift-appTests" */;
			buildPhases = (
				61C1BCAA2B9A4F4800ABAA14 /* Sources */,
				61C1BCAB2B9A4F4800ABAA14 /* Frameworks */,
				61C1BCAC2B9A4F4800ABAA14 /* Resources */,
			);
			buildRules = (
			);
			dependencies = (
				61C1BCB02B9A4F4800ABAA14 /* PBXTargetDependency */,
			);
			name = "gpp-swift-appTests";
			productName = "gpp-swift-appTests";
			productReference = 61C1BCAE2B9A4F4800ABAA14 /* gpp-swift-appTests.xctest */;
			productType = "com.apple.product-type.bundle.unit-test";
		};
		61C1BCB72B9A4F4800ABAA14 /* gpp-swift-appUITests */ = {
			isa = PBXNativeTarget;
			buildConfigurationList = 61C1BCC82B9A4F4800ABAA14 /* Build configuration list for PBXNativeTarget "gpp-swift-appUITests" */;
			buildPhases = (
				61C1BCB42B9A4F4800ABAA14 /* Sources */,
				61C1BCB52B9A4F4800ABAA14 /* Frameworks */,
				61C1BCB62B9A4F4800ABAA14 /* Resources */,
			);
			buildRules = (
			);
			dependencies = (
				61C1BCBA2B9A4F4800ABAA14 /* PBXTargetDependency */,
			);
			name = "gpp-swift-appUITests";
			productName = "gpp-swift-appUITests";
			productReference = 61C1BCB82B9A4F4800ABAA14 /* gpp-swift-appUITests.xctest */;
			productType = "com.apple.product-type.bundle.ui-testing";
		};
/* End PBXNativeTarget section */

/* Begin PBXProject section */
		61C1BC962B9A4F4500ABAA14 /* Project object */ = {
			isa = PBXProject;
			attributes = {
				BuildIndependentTargetsInParallel = 1;
				LastSwiftUpdateCheck = 1520;
				LastUpgradeCheck = 1520;
				TargetAttributes = {
					61C1BC9D2B9A4F4500ABAA14 = {
						CreatedOnToolsVersion = 15.2;
					};
					61C1BCAD2B9A4F4800ABAA14 = {
						CreatedOnToolsVersion = 15.2;
						TestTargetID = 61C1BC9D2B9A4F4500ABAA14;
					};
					61C1BCB72B9A4F4800ABAA14 = {
						CreatedOnToolsVersion = 15.2;
						TestTargetID = 61C1BC9D2B9A4F4500ABAA14;
					};
				};
			};
			buildConfigurationList = 61C1BC992B9A4F4500ABAA14 /* Build configuration list for PBXProject "gpp-swift-app" */;
			compatibilityVersion = "Xcode 14.0";
			developmentRegion = en;
			hasScannedForEncodings = 0;
			knownRegions = (
				en,
				Base,
			);
			mainGroup = 61C1BC952B9A4F4500ABAA14;
			productRefGroup = 61C1BC9F2B9A4F4500ABAA14 /* Products */;
			projectDirPath = "";
			projectRoot = "";
			targets = (
				61C1BC9D2B9A4F4500ABAA14 /* gpp-swift-app */,
				61C1BCAD2B9A4F4800ABAA14 /* gpp-swift-appTests */,
				61C1BCB72B9A4F4800ABAA14 /* gpp-swift-appUITests */,
			);
		};
/* End PBXProject section */

/* Begin PBXResourcesBuildPhase section */
		61C1BC9C2B9A4F4500ABAA14 /* Resources */ = {
			isa = PBXResourcesBuildPhase;
			buildActionMask = 2147483647;
			files = (
				61C1BCA92B9A4F4700ABAA14 /* Preview Assets.xcassets in Resources */,
				61C1BCA62B9A4F4700ABAA14 /* Assets.xcassets in Resources */,
			);
			runOnlyForDeploymentPostprocessing = 0;
		};
		61C1BCAC2B9A4F4800ABAA14 /* Resources */ = {
			isa = PBXResourcesBuildPhase;
			buildActionMask = 2147483647;
			files = (
			);
			runOnlyForDeploymentPostprocessing = 0;
		};
		61C1BCB62B9A4F4800ABAA14 /* Resources */ = {
			isa = PBXResourcesBuildPhase;
			buildActionMask = 2147483647;
			files = (
			);
			runOnlyForDeploymentPostprocessing = 0;
		};
/* End PBXResourcesBuildPhase section */

/* Begin PBXSourcesBuildPhase section */
		61C1BC9A2B9A4F4500ABAA14 /* Sources */ = {
			isa = PBXSourcesBuildPhase;
			buildActionMask = 2147483647;
			files = (
				61C1BCD12B9A566E00ABAA14 /* LoginView.swift in Sources */,
				61C1BCF52B9C005300ABAA14 /* SubjectDetailView.swift in Sources */,
				61C1BCF82B9C10FC00ABAA14 /* SideBarContainer.swift in Sources */,
				61C1BCE12B9B638C00ABAA14 /* StringExtension.swift in Sources */,
				61C1BCD62B9A586400ABAA14 /* HomeView.swift in Sources */,
				61C1BD022B9CA2CB00ABAA14 /* SettingsView.swift in Sources */,
				61C1BCE32B9B661700ABAA14 /* SubjectsView.swift in Sources */,
				61C1BCE52B9B7BF600ABAA14 /* PublicationsView.swift in Sources */,
				61C1BD002B9CA2BC00ABAA14 /* ChangePasswordView.swift in Sources */,
				61C1BCFE2B9CA2A000ABAA14 /* ProfileView.swift in Sources */,
				61C1BCA22B9A4F4500ABAA14 /* GppApp.swift in Sources */,
				61C1BCDC2B9A697000ABAA14 /* StyleFunctions.swift in Sources */,
				61C1BCDA2B9A640700ABAA14 /* ProgressBar.swift in Sources */,
				61C1BD042B9CA2D500ABAA14 /* HelpView.swift in Sources */,
				61C1BCF12B9B9EFF00ABAA14 /* AddSubjectsView.swift in Sources */,
				61C1BCF32B9BA4F800ABAA14 /* AddPublicationsView.swift in Sources */,
				61C1BCD42B9A574500ABAA14 /* NavigationManager.swift in Sources */,
				61C1BCE72B9B7ED900ABAA14 /* DissertationView.swift in Sources */,
			);
			runOnlyForDeploymentPostprocessing = 0;
		};
		61C1BCAA2B9A4F4800ABAA14 /* Sources */ = {
			isa = PBXSourcesBuildPhase;
			buildActionMask = 2147483647;
			files = (
				61C1BCB32B9A4F4800ABAA14 /* gpp_swift_appTests.swift in Sources */,
			);
			runOnlyForDeploymentPostprocessing = 0;
		};
		61C1BCB42B9A4F4800ABAA14 /* Sources */ = {
			isa = PBXSourcesBuildPhase;
			buildActionMask = 2147483647;
			files = (
				61C1BCBF2B9A4F4800ABAA14 /* gpp_swift_appUITestsLaunchTests.swift in Sources */,
				61C1BCBD2B9A4F4800ABAA14 /* gpp_swift_appUITests.swift in Sources */,
			);
			runOnlyForDeploymentPostprocessing = 0;
		};
/* End PBXSourcesBuildPhase section */

/* Begin PBXTargetDependency section */
		61C1BCB02B9A4F4800ABAA14 /* PBXTargetDependency */ = {
			isa = PBXTargetDependency;
			target = 61C1BC9D2B9A4F4500ABAA14 /* gpp-swift-app */;
			targetProxy = 61C1BCAF2B9A4F4800ABAA14 /* PBXContainerItemProxy */;
		};
		61C1BCBA2B9A4F4800ABAA14 /* PBXTargetDependency */ = {
			isa = PBXTargetDependency;
			target = 61C1BC9D2B9A4F4500ABAA14 /* gpp-swift-app */;
			targetProxy = 61C1BCB92B9A4F4800ABAA14 /* PBXContainerItemProxy */;
		};
/* End PBXTargetDependency section */

/* Begin XCBuildConfiguration section */
		61C1BCC02B9A4F4800ABAA14 /* Debug */ = {
			isa = XCBuildConfiguration;
			buildSettings = {
				ALWAYS_SEARCH_USER_PATHS = NO;
				ASSETCATALOG_COMPILER_GENERATE_SWIFT_ASSET_SYMBOL_EXTENSIONS = YES;
				CLANG_ANALYZER_NONNULL = YES;
				CLANG_ANALYZER_NUMBER_OBJECT_CONVERSION = YES_AGGRESSIVE;
				CLANG_CXX_LANGUAGE_STANDARD = "gnu++20";
				CLANG_ENABLE_MODULES = YES;
				CLANG_ENABLE_OBJC_ARC = YES;
				CLANG_ENABLE_OBJC_WEAK = YES;
				CLANG_WARN_BLOCK_CAPTURE_AUTORELEASING = YES;
				CLANG_WARN_BOOL_CONVERSION = YES;
				CLANG_WARN_COMMA = YES;
				CLANG_WARN_CONSTANT_CONVERSION = YES;
				CLANG_WARN_DEPRECATED_OBJC_IMPLEMENTATIONS = YES;
				CLANG_WARN_DIRECT_OBJC_ISA_USAGE = YES_ERROR;
				CLANG_WARN_DOCUMENTATION_COMMENTS = YES;
				CLANG_WARN_EMPTY_BODY = YES;
				CLANG_WARN_ENUM_CONVERSION = YES;
				CLANG_WARN_INFINITE_RECURSION = YES;
				CLANG_WARN_INT_CONVERSION = YES;
				CLANG_WARN_NON_LITERAL_NULL_CONVERSION = YES;
				CLANG_WARN_OBJC_IMPLICIT_RETAIN_SELF = YES;
				CLANG_WARN_OBJC_LITERAL_CONVERSION = YES;
				CLANG_WARN_OBJC_ROOT_CLASS = YES_ERROR;
				CLANG_WARN_QUOTED_INCLUDE_IN_FRAMEWORK_HEADER = YES;
				CLANG_WARN_RANGE_LOOP_ANALYSIS = YES;
				CLANG_WARN_STRICT_PROTOTYPES = YES;
				CLANG_WARN_SUSPICIOUS_MOVE = YES;
				CLANG_WARN_UNGUARDED_AVAILABILITY = YES_AGGRESSIVE;
				CLANG_WARN_UNREACHABLE_CODE = YES;
				CLANG_WARN__DUPLICATE_METHOD_MATCH = YES;
				COPY_PHASE_STRIP = NO;
				DEBUG_INFORMATION_FORMAT = dwarf;
				ENABLE_STRICT_OBJC_MSGSEND = YES;
				ENABLE_TESTABILITY = YES;
				ENABLE_USER_SCRIPT_SANDBOXING = YES;
				GCC_C_LANGUAGE_STANDARD = gnu17;
				GCC_DYNAMIC_NO_PIC = NO;
				GCC_NO_COMMON_BLOCKS = YES;
				GCC_OPTIMIZATION_LEVEL = 0;
				GCC_PREPROCESSOR_DEFINITIONS = (
					"DEBUG=1",
					"$(inherited)",
				);
				GCC_WARN_64_TO_32_BIT_CONVERSION = YES;
				GCC_WARN_ABOUT_RETURN_TYPE = YES_ERROR;
				GCC_WARN_UNDECLARED_SELECTOR = YES;
				GCC_WARN_UNINITIALIZED_AUTOS = YES_AGGRESSIVE;
				GCC_WARN_UNUSED_FUNCTION = YES;
				GCC_WARN_UNUSED_VARIABLE = YES;
				IPHONEOS_DEPLOYMENT_TARGET = 17.2;
				LOCALIZATION_PREFERS_STRING_CATALOGS = YES;
				MTL_ENABLE_DEBUG_INFO = INCLUDE_SOURCE;
				MTL_FAST_MATH = YES;
				ONLY_ACTIVE_ARCH = YES;
				SDKROOT = iphoneos;
				SWIFT_ACTIVE_COMPILATION_CONDITIONS = "DEBUG $(inherited)";
				SWIFT_OPTIMIZATION_LEVEL = "-Onone";
			};
			name = Debug;
		};
		61C1BCC12B9A4F4800ABAA14 /* Release */ = {
			isa = XCBuildConfiguration;
			buildSettings = {
				ALWAYS_SEARCH_USER_PATHS = NO;
				ASSETCATALOG_COMPILER_GENERATE_SWIFT_ASSET_SYMBOL_EXTENSIONS = YES;
				CLANG_ANALYZER_NONNULL = YES;
				CLANG_ANALYZER_NUMBER_OBJECT_CONVERSION = YES_AGGRESSIVE;
				CLANG_CXX_LANGUAGE_STANDARD = "gnu++20";
				CLANG_ENABLE_MODULES = YES;
				CLANG_ENABLE_OBJC_ARC = YES;
				CLANG_ENABLE_OBJC_WEAK = YES;
				CLANG_WARN_BLOCK_CAPTURE_AUTORELEASING = YES;
				CLANG_WARN_BOOL_CONVERSION = YES;
				CLANG_WARN_COMMA = YES;
				CLANG_WARN_CONSTANT_CONVERSION = YES;
				CLANG_WARN_DEPRECATED_OBJC_IMPLEMENTATIONS = YES;
				CLANG_WARN_DIRECT_OBJC_ISA_USAGE = YES_ERROR;
				CLANG_WARN_DOCUMENTATION_COMMENTS = YES;
				CLANG_WARN_EMPTY_BODY = YES;
				CLANG_WARN_ENUM_CONVERSION = YES;
				CLANG_WARN_INFINITE_RECURSION = YES;
				CLANG_WARN_INT_CONVERSION = YES;
				CLANG_WARN_NON_LITERAL_NULL_CONVERSION = YES;
				CLANG_WARN_OBJC_IMPLICIT_RETAIN_SELF = YES;
				CLANG_WARN_OBJC_LITERAL_CONVERSION = YES;
				CLANG_WARN_OBJC_ROOT_CLASS = YES_ERROR;
				CLANG_WARN_QUOTED_INCLUDE_IN_FRAMEWORK_HEADER = YES;
				CLANG_WARN_RANGE_LOOP_ANALYSIS = YES;
				CLANG_WARN_STRICT_PROTOTYPES = YES;
				CLANG_WARN_SUSPICIOUS_MOVE = YES;
				CLANG_WARN_UNGUARDED_AVAILABILITY = YES_AGGRESSIVE;
				CLANG_WARN_UNREACHABLE_CODE = YES;
				CLANG_WARN__DUPLICATE_METHOD_MATCH = YES;
				COPY_PHASE_STRIP = NO;
				DEBUG_INFORMATION_FORMAT = "dwarf-with-dsym";
				ENABLE_NS_ASSERTIONS = NO;
				ENABLE_STRICT_OBJC_MSGSEND = YES;
				ENABLE_USER_SCRIPT_SANDBOXING = YES;
				GCC_C_LANGUAGE_STANDARD = gnu17;
				GCC_NO_COMMON_BLOCKS = YES;
				GCC_WARN_64_TO_32_BIT_CONVERSION = YES;
				GCC_WARN_ABOUT_RETURN_TYPE = YES_ERROR;
				GCC_WARN_UNDECLARED_SELECTOR = YES;
				GCC_WARN_UNINITIALIZED_AUTOS = YES_AGGRESSIVE;
				GCC_WARN_UNUSED_FUNCTION = YES;
				GCC_WARN_UNUSED_VARIABLE = YES;
				IPHONEOS_DEPLOYMENT_TARGET = 17.2;
				LOCALIZATION_PREFERS_STRING_CATALOGS = YES;
				MTL_ENABLE_DEBUG_INFO = NO;
				MTL_FAST_MATH = YES;
				SDKROOT = iphoneos;
				SWIFT_COMPILATION_MODE = wholemodule;
				VALIDATE_PRODUCT = YES;
			};
			name = Release;
		};
		61C1BCC32B9A4F4800ABAA14 /* Debug */ = {
			isa = XCBuildConfiguration;
			buildSettings = {
				ASSETCATALOG_COMPILER_APPICON_NAME = AppIcon;
				ASSETCATALOG_COMPILER_GLOBAL_ACCENT_COLOR_NAME = AccentColor;
				CODE_SIGN_STYLE = Automatic;
				CURRENT_PROJECT_VERSION = 1;
				DEVELOPMENT_ASSET_PATHS = "\"gpp-swift-app/Preview Content\"";
				DEVELOPMENT_TEAM = F79BYLJ8U5;
				ENABLE_PREVIEWS = YES;
				GENERATE_INFOPLIST_FILE = YES;
				INFOPLIST_KEY_CFBundleDisplayName = "GPP-UFU";
				INFOPLIST_KEY_LSApplicationCategoryType = "public.app-category.education";
				INFOPLIST_KEY_UIApplicationSceneManifest_Generation = YES;
				INFOPLIST_KEY_UIApplicationSupportsIndirectInputEvents = YES;
				INFOPLIST_KEY_UILaunchScreen_Generation = YES;
				INFOPLIST_KEY_UISupportedInterfaceOrientations_iPad = "UIInterfaceOrientationPortrait UIInterfaceOrientationPortraitUpsideDown UIInterfaceOrientationLandscapeLeft UIInterfaceOrientationLandscapeRight";
				INFOPLIST_KEY_UISupportedInterfaceOrientations_iPhone = "UIInterfaceOrientationPortrait UIInterfaceOrientationLandscapeLeft UIInterfaceOrientationLandscapeRight";
				IPHONEOS_DEPLOYMENT_TARGET = 16.0;
				LD_RUNPATH_SEARCH_PATHS = (
					"$(inherited)",
					"@executable_path/Frameworks",
				);
				MARKETING_VERSION = 1.0;
				PRODUCT_BUNDLE_IDENTIFIER = "com.ufu.gpp-swift-app";
				PRODUCT_NAME = "$(TARGET_NAME)";
				SWIFT_EMIT_LOC_STRINGS = YES;
				SWIFT_VERSION = 5.0;
				TARGETED_DEVICE_FAMILY = "1,2";
			};
			name = Debug;
		};
		61C1BCC42B9A4F4800ABAA14 /* Release */ = {
			isa = XCBuildConfiguration;
			buildSettings = {
				ASSETCATALOG_COMPILER_APPICON_NAME = AppIcon;
				ASSETCATALOG_COMPILER_GLOBAL_ACCENT_COLOR_NAME = AccentColor;
				CODE_SIGN_STYLE = Automatic;
				CURRENT_PROJECT_VERSION = 1;
				DEVELOPMENT_ASSET_PATHS = "\"gpp-swift-app/Preview Content\"";
				DEVELOPMENT_TEAM = F79BYLJ8U5;
				ENABLE_PREVIEWS = YES;
				GENERATE_INFOPLIST_FILE = YES;
				INFOPLIST_KEY_CFBundleDisplayName = "GPP-UFU";
				INFOPLIST_KEY_LSApplicationCategoryType = "public.app-category.education";
				INFOPLIST_KEY_UIApplicationSceneManifest_Generation = YES;
				INFOPLIST_KEY_UIApplicationSupportsIndirectInputEvents = YES;
				INFOPLIST_KEY_UILaunchScreen_Generation = YES;
				INFOPLIST_KEY_UISupportedInterfaceOrientations_iPad = "UIInterfaceOrientationPortrait UIInterfaceOrientationPortraitUpsideDown UIInterfaceOrientationLandscapeLeft UIInterfaceOrientationLandscapeRight";
				INFOPLIST_KEY_UISupportedInterfaceOrientations_iPhone = "UIInterfaceOrientationPortrait UIInterfaceOrientationLandscapeLeft UIInterfaceOrientationLandscapeRight";
				IPHONEOS_DEPLOYMENT_TARGET = 16.0;
				LD_RUNPATH_SEARCH_PATHS = (
					"$(inherited)",
					"@executable_path/Frameworks",
				);
				MARKETING_VERSION = 1.0;
				PRODUCT_BUNDLE_IDENTIFIER = "com.ufu.gpp-swift-app";
				PRODUCT_NAME = "$(TARGET_NAME)";
				SWIFT_EMIT_LOC_STRINGS = YES;
				SWIFT_VERSION = 5.0;
				TARGETED_DEVICE_FAMILY = "1,2";
			};
			name = Release;
		};
		61C1BCC62B9A4F4800ABAA14 /* Debug */ = {
			isa = XCBuildConfiguration;
			buildSettings = {
				ALWAYS_EMBED_SWIFT_STANDARD_LIBRARIES = YES;
				BUNDLE_LOADER = "$(TEST_HOST)";
				CODE_SIGN_STYLE = Automatic;
				CURRENT_PROJECT_VERSION = 1;
				GENERATE_INFOPLIST_FILE = YES;
				IPHONEOS_DEPLOYMENT_TARGET = 17.2;
				MARKETING_VERSION = 1.0;
				PRODUCT_BUNDLE_IDENTIFIER = "com.ufu.gpp-swift-appTests";
				PRODUCT_NAME = "$(TARGET_NAME)";
				SWIFT_EMIT_LOC_STRINGS = NO;
				SWIFT_VERSION = 5.0;
				TARGETED_DEVICE_FAMILY = "1,2";
				TEST_HOST = "$(BUILT_PRODUCTS_DIR)/gpp-swift-app.app/$(BUNDLE_EXECUTABLE_FOLDER_PATH)/gpp-swift-app";
			};
			name = Debug;
		};
		61C1BCC72B9A4F4800ABAA14 /* Release */ = {
			isa = XCBuildConfiguration;
			buildSettings = {
				ALWAYS_EMBED_SWIFT_STANDARD_LIBRARIES = YES;
				BUNDLE_LOADER = "$(TEST_HOST)";
				CODE_SIGN_STYLE = Automatic;
				CURRENT_PROJECT_VERSION = 1;
				GENERATE_INFOPLIST_FILE = YES;
				IPHONEOS_DEPLOYMENT_TARGET = 17.2;
				MARKETING_VERSION = 1.0;
				PRODUCT_BUNDLE_IDENTIFIER = "com.ufu.gpp-swift-appTests";
				PRODUCT_NAME = "$(TARGET_NAME)";
				SWIFT_EMIT_LOC_STRINGS = NO;
				SWIFT_VERSION = 5.0;
				TARGETED_DEVICE_FAMILY = "1,2";
				TEST_HOST = "$(BUILT_PRODUCTS_DIR)/gpp-swift-app.app/$(BUNDLE_EXECUTABLE_FOLDER_PATH)/gpp-swift-app";
			};
			name = Release;
		};
		61C1BCC92B9A4F4800ABAA14 /* Debug */ = {
			isa = XCBuildConfiguration;
			buildSettings = {
				ALWAYS_EMBED_SWIFT_STANDARD_LIBRARIES = YES;
				CODE_SIGN_STYLE = Automatic;
				CURRENT_PROJECT_VERSION = 1;
				GENERATE_INFOPLIST_FILE = YES;
				MARKETING_VERSION = 1.0;
				PRODUCT_BUNDLE_IDENTIFIER = "com.ufu.gpp-swift-appUITests";
				PRODUCT_NAME = "$(TARGET_NAME)";
				SWIFT_EMIT_LOC_STRINGS = NO;
				SWIFT_VERSION = 5.0;
				TARGETED_DEVICE_FAMILY = "1,2";
				TEST_TARGET_NAME = "gpp-swift-app";
			};
			name = Debug;
		};
		61C1BCCA2B9A4F4800ABAA14 /* Release */ = {
			isa = XCBuildConfiguration;
			buildSettings = {
				ALWAYS_EMBED_SWIFT_STANDARD_LIBRARIES = YES;
				CODE_SIGN_STYLE = Automatic;
				CURRENT_PROJECT_VERSION = 1;
				GENERATE_INFOPLIST_FILE = YES;
				MARKETING_VERSION = 1.0;
				PRODUCT_BUNDLE_IDENTIFIER = "com.ufu.gpp-swift-appUITests";
				PRODUCT_NAME = "$(TARGET_NAME)";
				SWIFT_EMIT_LOC_STRINGS = NO;
				SWIFT_VERSION = 5.0;
				TARGETED_DEVICE_FAMILY = "1,2";
				TEST_TARGET_NAME = "gpp-swift-app";
			};
			name = Release;
		};
/* End XCBuildConfiguration section */

/* Begin XCConfigurationList section */
		61C1BC992B9A4F4500ABAA14 /* Build configuration list for PBXProject "gpp-swift-app" */ = {
			isa = XCConfigurationList;
			buildConfigurations = (
				61C1BCC02B9A4F4800ABAA14 /* Debug */,
				61C1BCC12B9A4F4800ABAA14 /* Release */,
			);
			defaultConfigurationIsVisible = 0;
			defaultConfigurationName = Release;
		};
		61C1BCC22B9A4F4800ABAA14 /* Build configuration list for PBXNativeTarget "gpp-swift-app" */ = {
			isa = XCConfigurationList;
			buildConfigurations = (
				61C1BCC32B9A4F4800ABAA14 /* Debug */,
				61C1BCC42B9A4F4800ABAA14 /* Release */,
			);
			defaultConfigurationIsVisible = 0;
			defaultConfigurationName = Release;
		};
		61C1BCC52B9A4F4800ABAA14 /* Build configuration list for PBXNativeTarget "gpp-swift-appTests" */ = {
			isa = XCConfigurationList;
			buildConfigurations = (
				61C1BCC62B9A4F4800ABAA14 /* Debug */,
				61C1BCC72B9A4F4800ABAA14 /* Release */,
			);
			defaultConfigurationIsVisible = 0;
			defaultConfigurationName = Release;
		};
		61C1BCC82B9A4F4800ABAA14 /* Build configuration list for PBXNativeTarget "gpp-swift-appUITests" */ = {
			isa = XCConfigurationList;
			buildConfigurations = (
				61C1BCC92B9A4F4800ABAA14 /* Debug */,
				61C1BCCA2B9A4F4800ABAA14 /* Release */,
			);
			defaultConfigurationIsVisible = 0;
			defaultConfigurationName = Release;
		};
/* End XCConfigurationList section */
	};
	rootObject = 61C1BC962B9A4F4500ABAA14 /* Project object */;
}
